{
  "name": "agenters",
  "version": "1.0.0",
  "lockfileVersion": 3,
  "requires": true,
  "packages": {
    "": {
      "name": "agenters",
      "version": "1.0.0",
      "dependencies": {
        "react": "file:local-packages/react",
        "react-dom": "file:local-packages/react-dom",
        "vite": "file:local-packages/vite"
      }
    },
    "local-packages/react": {
      "version": "0.0.0-local"
    },
    "local-packages/react-dom": {
      "version": "0.0.0-local"
    },
    "local-packages/vite": {
      "version": "0.0.0-local",
      "bin": {
        "vite": "bin/vite.js"
      }
    },
    "node_modules/react": {
      "resolved": "local-packages/react",
      "link": true
    },
    "node_modules/react-dom": {
      "resolved": "local-packages/react-dom",
      "link": true
    },
    "node_modules/vite": {
      "resolved": "local-packages/vite",
      "link": true
    }
  }
}
